{
  "name": "recur",
  "version": "0.1.1",
  "lockfileVersion": 1,
  "requires": true,
  "dependencies": {
    "fantestic": {
      "version": "0.0.1",
      "resolved": "https://registry.npmjs.org/fantestic/-/fantestic-0.0.1.tgz",
      "integrity": "sha512-qSrBmhA5wzFnM6bwKTFGOWtvYAsR3q+4YwIpx8W6I7bDyzWi9loeVJC+j8N/xsI2lg5XEnvh+spftBiWbt58tQ==",
      "dev": true
    }
  }
}
