{
  "name": "recur",
  "version": "0.1.3",
  "lockfileVersion": 3,
  "requires": true,
  "packages": {
    "": {
      "name": "recur",
      "version": "0.1.3",
      "license": "WTFPL",
      "devDependencies": {
        "fantestic": "0.0.3"
      }
    },
    "node_modules/fantestic": {
      "version": "0.0.3",
      "resolved": "https://registry.npmjs.org/fantestic/-/fantestic-0.0.3.tgz",
      "integrity": "sha512-JwUftR5aS6F/0+0K9vBO8062r1ljlO2kawD8XxqaMTt9z4OT2ZcNTwDKrKb+LESCLgxD8KhGrVmhSRkbv0FtXw==",
      "dev": true
    }
  }
}
